
Microsoft Visual Studio Solution File, Format Version 12.00
# Visual Studio Version 17
VisualStudioVersion = 17.7.34009.444
MinimumVisualStudioVersion = 10.0.40219.1
Project("{FAE04EC0-301F-11D3-BF4B-00C04F79EFBC}") = "Telescope-Traking-Delivery", "Telescope-Traking-Delivery\Telescope-Traking-Delivery.csproj", "{DE7CE624-9118-4F64-9BD8-087397CF373C}"
EndProject
Global
	GlobalSection(SolutionConfigurationPlatforms) = preSolution
		Debug|Any CPU = Debug|Any CPU
		Release|Any CPU = Release|Any CPU
	EndGlobalSection
	GlobalSection(ProjectConfigurationPlatforms) = postSolution
		{DE7CE624-9118-4F64-9BD8-087397CF373C}.Debug|Any CPU.ActiveCfg = Debug|Any CPU
		{DE7CE624-9118-4F64-9BD8-087397CF373C}.Debug|Any CPU.Build.0 = Debug|Any CPU
		{DE7CE624-9118-4F64-9BD8-087397CF373C}.Release|Any CPU.ActiveCfg = Release|Any CPU
		{DE7CE624-9118-4F64-9BD8-087397CF373C}.Release|Any CPU.Build.0 = Release|Any CPU
	EndGlobalSection
	GlobalSection(SolutionProperties) = preSolution
		HideSolutionNode = FALSE
	EndGlobalSection
	GlobalSection(ExtensibilityGlobals) = postSolution
		SolutionGuid = {A58D3E31-EE29-43A7-926F-82B84CBC33EE}
	EndGlobalSection
EndGlobal
